Microsoft Visual Studio Solution File, Format Version 12.00
# Visual Studio 2012
Project("{FAE04EC0-301F-11D3-BF4B-00C04F79EFBC}") = "GameFeel1AlexandraBarch", "GameFeel1AlexandraBarch.csproj", "{59B41F72-6BFA-4AB5-8B41-C4B5DF1F3718}"
EndProject
Global
	GlobalSection(SolutionConfigurationPlatforms) = preSolution
	Debug|Any CPU = Debug|Any CPU
	ExportDebug|Any CPU = ExportDebug|Any CPU
	ExportRelease|Any CPU = ExportRelease|Any CPU
	EndGlobalSection
	GlobalSection(ProjectConfigurationPlatforms) = postSolution
		{59B41F72-6BFA-4AB5-8B41-C4B5DF1F3718}.Debug|Any CPU.ActiveCfg = Debug|Any CPU
		{59B41F72-6BFA-4AB5-8B41-C4B5DF1F3718}.Debug|Any CPU.Build.0 = Debug|Any CPU
		{59B41F72-6BFA-4AB5-8B41-C4B5DF1F3718}.ExportDebug|Any CPU.ActiveCfg = ExportDebug|Any CPU
		{59B41F72-6BFA-4AB5-8B41-C4B5DF1F3718}.ExportDebug|Any CPU.Build.0 = ExportDebug|Any CPU
		{59B41F72-6BFA-4AB5-8B41-C4B5DF1F3718}.ExportRelease|Any CPU.ActiveCfg = ExportRelease|Any CPU
		{59B41F72-6BFA-4AB5-8B41-C4B5DF1F3718}.ExportRelease|Any CPU.Build.0 = ExportRelease|Any CPU
	EndGlobalSection
EndGlobal
